
 // !$*UTF8*$!
{
    archiveVersion = 1;
    classes = {};
    objectVersion = 56;
    objects = {

/* Begin PBXBuildFile section */
        A10000000000000000000001 = {
            isa = PBXBuildFile;
            fileRef = A20000000000000000000001;
        };
        A10000000000000000000002 = {
            isa = PBXBuildFile;
            fileRef = A20000000000000000000002;
        };
        A10000000000000000000005 = {
            isa = PBXBuildFile;
            fileRef = A20000000000000000000005;
        };
/* End PBXBuildFile section */

/* Begin PBXFileReference section */
        A20000000000000000000001 = {
